
Microsoft Visual Studio Solution File, Format Version 12.00
# Visual Studio Version 17
VisualStudioVersion = 17.13.35931.197 d17.13
MinimumVisualStudioVersion = 10.0.40219.1
Project("{FAE04EC0-301F-11D3-BF4B-00C04F79EFBC}") = "Godslayer-New-Age", "Godslayer-New-Age\Godslayer-New-Age.csproj", "{C1969190-C319-4790-893B-D15BC6D43266}"
EndProject
Global
	GlobalSection(SolutionConfigurationPlatforms) = preSolution
		Debug|Any CPU = Debug|Any CPU
		Release|Any CPU = Release|Any CPU
	EndGlobalSection
	GlobalSection(ProjectConfigurationPlatforms) = postSolution
		{C1969190-C319-4790-893B-D15BC6D43266}.Debug|Any CPU.ActiveCfg = Debug|Any CPU
		{C1969190-C319-4790-893B-D15BC6D43266}.Debug|Any CPU.Build.0 = Debug|Any CPU
		{C1969190-C319-4790-893B-D15BC6D43266}.Release|Any CPU.ActiveCfg = Release|Any CPU
		{C1969190-C319-4790-893B-D15BC6D43266}.Release|Any CPU.Build.0 = Release|Any CPU
	EndGlobalSection
	GlobalSection(SolutionProperties) = preSolution
		HideSolutionNode = FALSE
	EndGlobalSection
	GlobalSection(ExtensibilityGlobals) = postSolution
		SolutionGuid = {15A00A12-2B0A-418F-A7C2-BB7EB90DD787}
	EndGlobalSection
EndGlobal
